// !$*UTF8*$!
{
	archiveVersion = 1;
	classes = {
	};
	objectVersion = 56;
	objects = {

/* Begin PBXBuildFile section */
		4FBF60B5297E3E0100CDF7C0 /* AppDelegate.swift in Sources */ = {isa = PBXBuildFile; fileRef = 4FBF60B4297E3E0100CDF7C0 /* AppDelegate.swift */; };
		4FBF60B7297E3E0100CDF7C0 /* SceneDelegate.swift in Sources */ = {isa = PBXBuildFile; fileRef = 4FBF60B6297E3E0100CDF7C0 /* SceneDelegate.swift */; };
		4FBF60B9297E3E0100CDF7C0 /* ViewController.swift in Sources */ = {isa = PBXBuildFile; fileRef = 4FBF60B8297E3E0100CDF7C0 /* ViewController.swift */; };
		4FBF60BC297E3E0100CDF7C0 /* Main.storyboard in Resources */ = {isa = PBXBuildFile; fileRef = 4FBF60BA297E3E0100CDF7C0 /* Main.storyboard */; };
		4FBF60BF297E3E0100CDF7C0 /* element_club_14.xcdatamodeld in Sources */ = {isa = PBXBuildFile; fileRef = 4FBF60BD297E3E0100CDF7C0 /* element_club_14.xcdatamodeld */; };
		4FBF60C1297E3E0100CDF7C0 /* Assets.xcassets in Resources */ = {isa = PBXBuildFile; fileRef = 4FBF60C0297E3E0100CDF7C0 /* Assets.xcassets */; };
		4FBF60C4297E3E0100CDF7C0 /* LaunchScreen.storyboard in Resources */ = {isa = PBXBuildFile; fileRef = 4FBF60C2297E3E0100CDF7C0 /* LaunchScreen.storyboard */; };
		4FBF60CF297E3E0100CDF7C0 /* element_club_14Tests.swift in Sources */ = {isa = PBXBuildFile; fileRef = 4FBF60CE297E3E0100CDF7C0 /* element_club_14Tests.swift */; };
		4FBF60D9297E3E0100CDF7C0 /* element_club_14UITests.swift in Sources */ = {isa = PBXBuildFile; fileRef = 4FBF60D8297E3E0100CDF7C0 /* element_club_14UITests.swift */; };
		4FBF60DB297E3E0100CDF7C0 /* element_club_14UITestsLaunchTests.swift in Sources */ = {isa = PBXBuildFile; fileRef = 4FBF60DA297E3E0100CDF7C0 /* element_club_14UITestsLaunchTests.swift */; };
		4FBF60E8297F653F00CDF7C0 /* GoogleService-Info.plist in Resources */ = {isa = PBXBuildFile; fileRef = 4FBF60E7297F653F00CDF7C0 /* GoogleService-Info.plist */; };
		4FBF60EB297F662200CDF7C0 /* FirebaseAnalytics in Frameworks */ = {isa = PBXBuildFile; productRef = 4FBF60EA297F662200CDF7C0 /* FirebaseAnalytics */; };
		4FBF60ED297F662200CDF7C0 /* FirebaseAnalyticsSwift in Frameworks */ = {isa = PBXBuildFile; productRef = 4FBF60EC297F662200CDF7C0 /* FirebaseAnalyticsSwift */; };
		4FBF60EF297F662200CDF7C0 /* FirebaseAuth in Frameworks */ = {isa = PBXBuildFile; productRef = 4FBF60EE297F662200CDF7C0 /* FirebaseAuth */; };
		4FBF60F1297F662200CDF7C0 /* FirebaseDatabase in Frameworks */ = {isa = PBXBuildFile; productRef = 4FBF60F0297F662200CDF7C0 /* FirebaseDatabase */; };
		4FBF60F3297F662200CDF7C0 /* FirebaseDatabaseSwift in Frameworks */ = {isa = PBXBuildFile; productRef = 4FBF60F2297F662200CDF7C0 /* FirebaseDatabaseSwift */; };
		4FBF60F5297F662200CDF7C0 /* FirebaseStorage in Frameworks */ = {isa = PBXBuildFile; productRef = 4FBF60F4297F662200CDF7C0 /* FirebaseStorage */; };
		4FBF60FB297F715D00CDF7C0 /* ProfileViewController.swift in Sources */ = {isa = PBXBuildFile; fileRef = 4FBF60FA297F715D00CDF7C0 /* ProfileViewController.swift */; };
		4FBF60FD297F71FE00CDF7C0 /* SummaryTableViewController.swift in Sources */ = {isa = PBXBuildFile; fileRef = 4FBF60FC297F71FE00CDF7C0 /* SummaryTableViewController.swift */; };
		4FBF60FF2980DAE400CDF7C0 /* LoginViewController.swift in Sources */ = {isa = PBXBuildFile; fileRef = 4FBF60FE2980DAE400CDF7C0 /* LoginViewController.swift */; };
		4FBF6102298364A500CDF7C0 /* CryptoHelpers.swift in Sources */ = {isa = PBXBuildFile; fileRef = 4FBF6101298364A500CDF7C0 /* CryptoHelpers.swift */; };
		4FBF610D2985FF8700CDF7C0 /* UserDBHelper.swift in Sources */ = {isa = PBXBuildFile; fileRef = 4FBF610C2985FF8700CDF7C0 /* UserDBHelper.swift */; };
		4FBF610F2986048900CDF7C0 /* EntriesDbHelper.swift in Sources */ = {isa = PBXBuildFile; fileRef = 4FBF610E2986048900CDF7C0 /* EntriesDbHelper.swift */; };
		4FBF61112986051D00CDF7C0 /* ExercieUtils.swift in Sources */ = {isa = PBXBuildFile; fileRef = 4FBF61102986051D00CDF7C0 /* ExercieUtils.swift */; };
		4FBF61132986055900CDF7C0 /* Exercise.swift in Sources */ = {isa = PBXBuildFile; fileRef = 4FBF61122986055900CDF7C0 /* Exercise.swift */; };
		4FBF6115298605C000CDF7C0 /* ElementType.swift in Sources */ = {isa = PBXBuildFile; fileRef = 4FBF6114298605C000CDF7C0 /* ElementType.swift */; };
		4FBF61262986FBCC00CDF7C0 /* SummaryHeaderView.swift in Sources */ = {isa = PBXBuildFile; fileRef = 4FBF61252986FBCC00CDF7C0 /* SummaryHeaderView.swift */; };
		4FBF61282986FBE800CDF7C0 /* SummaryHeaderView.xib in Resources */ = {isa = PBXBuildFile; fileRef = 4FBF61272986FBE800CDF7C0 /* SummaryHeaderView.xib */; };
		4FBF612B2987002000CDF7C0 /* SummaryTableViewCell.swift in Sources */ = {isa = PBXBuildFile; fileRef = 4FBF612A2987002000CDF7C0 /* SummaryTableViewCell.swift */; };
		4FBF612D2988726B00CDF7C0 /* Utils.swift in Sources */ = {isa = PBXBuildFile; fileRef = 4FBF612C2988726B00CDF7C0 /* Utils.swift */; };
		4FBF6135298CA85F00CDF7C0 /* OnBoardingViewController.swift in Sources */ = {isa = PBXBuildFile; fileRef = 4FBF6134298CA85F00CDF7C0 /* OnBoardingViewController.swift */; };
		4FBF613C298CA9DA00CDF7C0 /* GenericPageViewController.swift in Sources */ = {isa = PBXBuildFile; fileRef = 4FBF613B298CA9DA00CDF7C0 /* GenericPageViewController.swift */; };
		4FBF613E2990ABCF00CDF7C0 /* WelcomeViewController.swift in Sources */ = {isa = PBXBuildFile; fileRef = 4FBF613D2990ABCF00CDF7C0 /* WelcomeViewController.swift */; };
		4FBF61402990B11400CDF7C0 /* MainTabBarViewController.swift in Sources */ = {isa = PBXBuildFile; fileRef = 4FBF613F2990B11400CDF7C0 /* MainTabBarViewController.swift */; };
		4FBF61422991ED8600CDF7C0 /* SummaryViewController.swift in Sources */ = {isa = PBXBuildFile; fileRef = 4FBF61412991ED8600CDF7C0 /* SummaryViewController.swift */; };
		4FBF61452994844500CDF7C0 /* ButtonExtension.swift in Sources */ = {isa = PBXBuildFile; fileRef = 4FBF61442994844500CDF7C0 /* ButtonExtension.swift */; };
		4FBF61482994902400CDF7C0 /* WelcomePageviewItemViewController.swift in Sources */ = {isa = PBXBuildFile; fileRef = 4FBF61472994902400CDF7C0 /* WelcomePageviewItemViewController.swift */; };
		4FBF614A2995D12000CDF7C0 /* LabelExtension.swift in Sources */ = {isa = PBXBuildFile; fileRef = 4FBF61492995D12000CDF7C0 /* LabelExtension.swift */; };
		4FBF61502995F6D000CDF7C0 /* PersonalInfoViewController.swift in Sources */ = {isa = PBXBuildFile; fileRef = 4FBF614F2995F6D000CDF7C0 /* PersonalInfoViewController.swift */; };
		4FBF615429995CB700CDF7C0 /* StackViewExtension.swift in Sources */ = {isa = PBXBuildFile; fileRef = 4FBF615329995CB700CDF7C0 /* StackViewExtension.swift */; };
		4FBF61562999691200CDF7C0 /* TextFieldExtension.swift in Sources */ = {isa = PBXBuildFile; fileRef = 4FBF61552999691200CDF7C0 /* TextFieldExtension.swift */; };
		4FF1D68529A30B2A00E6238A /* Enums.swift in Sources */ = {isa = PBXBuildFile; fileRef = 4FF1D68429A30B2A00E6238A /* Enums.swift */; };
		4FF1D68729A30E7B00E6238A /* ElementCategory.swift in Sources */ = {isa = PBXBuildFile; fileRef = 4FF1D68629A30E7B00E6238A /* ElementCategory.swift */; };
		4FF1D68929A31C3F00E6238A /* UserModel.swift in Sources */ = {isa = PBXBuildFile; fileRef = 4FF1D68829A31C3F00E6238A /* UserModel.swift */; };
		4FF1D68B29A31C6100E6238A /* ExerciseModel.swift in Sources */ = {isa = PBXBuildFile; fileRef = 4FF1D68A29A31C6100E6238A /* ExerciseModel.swift */; };
		4FF1D68E29A8637A00E6238A /* FirebaseService.swift in Sources */ = {isa = PBXBuildFile; fileRef = 4FF1D68D29A8637A00E6238A /* FirebaseService.swift */; };
		4FF1D69029A865B100E6238A /* ServiceEnums.swift in Sources */ = {isa = PBXBuildFile; fileRef = 4FF1D68F29A865B100E6238A /* ServiceEnums.swift */; };
		4FF1D69429A9C47500E6238A /* FirebaseEndpoint.swift in Sources */ = {isa = PBXBuildFile; fileRef = 4FF1D69329A9C47500E6238A /* FirebaseEndpoint.swift */; };
		4FF1D69629A9C83E00E6238A /* ExerciseLogicController.swift in Sources */ = {isa = PBXBuildFile; fileRef = 4FF1D69529A9C83E00E6238A /* ExerciseLogicController.swift */; };
		4FF1D69829A9C8E500E6238A /* UserLogicController.swift in Sources */ = {isa = PBXBuildFile; fileRef = 4FF1D69729A9C8E500E6238A /* UserLogicController.swift */; };
		4FF1D69A29A9C98E00E6238A /* DataLoader.swift in Sources */ = {isa = PBXBuildFile; fileRef = 4FF1D69929A9C98E00E6238A /* DataLoader.swift */; };
		4FF1D69C29AAD23E00E6238A /* SummaryLogicController.swift in Sources */ = {isa = PBXBuildFile; fileRef = 4FF1D69B29AAD23E00E6238A /* SummaryLogicController.swift */; };
		4FF1D69E29AAD52D00E6238A /* SummaryModel.swift in Sources */ = {isa = PBXBuildFile; fileRef = 4FF1D69D29AAD52D00E6238A /* SummaryModel.swift */; };
/* End PBXBuildFile section */

/* Begin PBXContainerItemProxy section */
		4FBF60CB297E3E0100CDF7C0 /* PBXContainerItemProxy */ = {
			isa = PBXContainerItemProxy;
			containerPortal = 4FBF60A9297E3E0100CDF7C0 /* Project object */;
			proxyType = 1;
			remoteGlobalIDString = 4FBF60B0297E3E0100CDF7C0;
			remoteInfo = "element-club-14";
		};
		4FBF60D5297E3E0100CDF7C0 /* PBXContainerItemProxy */ = {
			isa = PBXContainerItemProxy;
			containerPortal = 4FBF60A9297E3E0100CDF7C0 /* Project object */;
			proxyType = 1;
			remoteGlobalIDString = 4FBF60B0297E3E0100CDF7C0;
			remoteInfo = "element-club-14";
		};
/* End PBXContainerItemProxy section */

/* Begin PBXFileReference section */
		4FBF60B1297E3E0100CDF7C0 /* element-club-14.app */ = {isa = PBXFileReference; explicitFileType = wrapper.application; includeInIndex = 0; path = "element-club-14.app"; sourceTree = BUILT_PRODUCTS_DIR; };
		4FBF60B4297E3E0100CDF7C0 /* AppDelegate.swift */ = {isa = PBXFileReference; lastKnownFileType = sourcecode.swift; path = AppDelegate.swift; sourceTree = "<group>"; };
		4FBF60B6297E3E0100CDF7C0 /* SceneDelegate.swift */ = {isa = PBXFileReference; lastKnownFileType = sourcecode.swift; path = SceneDelegate.swift; sourceTree = "<group>"; };
		4FBF60B8297E3E0100CDF7C0 /* ViewController.swift */ = {isa = PBXFileReference; lastKnownFileType = sourcecode.swift; path = ViewController.swift; sourceTree = "<group>"; };
		4FBF60BB297E3E0100CDF7C0 /* Base */ = {isa = PBXFileReference; lastKnownFileType = file.storyboard; name = Base; path = Base.lproj/Main.storyboard; sourceTree = "<group>"; };
		4FBF60BE297E3E0100CDF7C0 /* element_club_14.xcdatamodel */ = {isa = PBXFileReference; lastKnownFileType = wrapper.xcdatamodel; path = element_club_14.xcdatamodel; sourceTree = "<group>"; };
		4FBF60C0297E3E0100CDF7C0 /* Assets.xcassets */ = {isa = PBXFileReference; lastKnownFileType = folder.assetcatalog; path = Assets.xcassets; sourceTree = "<group>"; };
		4FBF60C3297E3E0100CDF7C0 /* Base */ = {isa = PBXFileReference; lastKnownFileType = file.storyboard; name = Base; path = Base.lproj/LaunchScreen.storyboard; sourceTree = "<group>"; };
		4FBF60C5297E3E0100CDF7C0 /* Info.plist */ = {isa = PBXFileReference; lastKnownFileType = text.plist.xml; path = Info.plist; sourceTree = "<group>"; };
		4FBF60CA297E3E0100CDF7C0 /* element-club-14Tests.xctest */ = {isa = PBXFileReference; explicitFileType = wrapper.cfbundle; includeInIndex = 0; path = "element-club-14Tests.xctest"; sourceTree = BUILT_PRODUCTS_DIR; };
		4FBF60CE297E3E0100CDF7C0 /* element_club_14Tests.swift */ = {isa = PBXFileReference; lastKnownFileType = sourcecode.swift; path = element_club_14Tests.swift; sourceTree = "<group>"; };
		4FBF60D4297E3E0100CDF7C0 /* element-club-14UITests.xctest */ = {isa = PBXFileReference; explicitFileType = wrapper.cfbundle; includeInIndex = 0; path = "element-club-14UITests.xctest"; sourceTree = BUILT_PRODUCTS_DIR; };
		4FBF60D8297E3E0100CDF7C0 /* element_club_14UITests.swift */ = {isa = PBXFileReference; lastKnownFileType = sourcecode.swift; path = element_club_14UITests.swift; sourceTree = "<group>"; };
		4FBF60DA297E3E0100CDF7C0 /* element_club_14UITestsLaunchTests.swift */ = {isa = PBXFileReference; lastKnownFileType = sourcecode.swift; path = element_club_14UITestsLaunchTests.swift; sourceTree = "<group>"; };
		4FBF60E7297F653F00CDF7C0 /* GoogleService-Info.plist */ = {isa = PBXFileReference; fileEncoding = 4; lastKnownFileType = text.plist.xml; path = "GoogleService-Info.plist"; sourceTree = "<group>"; };
		4FBF60FA297F715D00CDF7C0 /* ProfileViewController.swift */ = {isa = PBXFileReference; lastKnownFileType = sourcecode.swift; path = ProfileViewController.swift; sourceTree = "<group>"; };
		4FBF60FC297F71FE00CDF7C0 /* SummaryTableViewController.swift */ = {isa = PBXFileReference; lastKnownFileType = sourcecode.swift; path = SummaryTableViewController.swift; sourceTree = "<group>"; };
		4FBF60FE2980DAE400CDF7C0 /* LoginViewController.swift */ = {isa = PBXFileReference; lastKnownFileType = sourcecode.swift; path = LoginViewController.swift; sourceTree = "<group>"; };
		4FBF6101298364A500CDF7C0 /* CryptoHelpers.swift */ = {isa = PBXFileReference; lastKnownFileType = sourcecode.swift; path = CryptoHelpers.swift; sourceTree = "<group>"; };
		4FBF61082983757800CDF7C0 /* element-club-14.entitlements */ = {isa = PBXFileReference; lastKnownFileType = text.plist.entitlements; path = "element-club-14.entitlements"; sourceTree = "<group>"; };
		4FBF610C2985FF8700CDF7C0 /* UserDBHelper.swift */ = {isa = PBXFileReference; lastKnownFileType = sourcecode.swift; path = UserDBHelper.swift; sourceTree = "<group>"; };
		4FBF610E2986048900CDF7C0 /* EntriesDbHelper.swift */ = {isa = PBXFileReference; lastKnownFileType = sourcecode.swift; path = EntriesDbHelper.swift; sourceTree = "<group>"; };
		4FBF61102986051D00CDF7C0 /* ExercieUtils.swift */ = {isa = PBXFileReference; lastKnownFileType = sourcecode.swift; path = ExercieUtils.swift; sourceTree = "<group>"; };
		4FBF61122986055900CDF7C0 /* Exercise.swift */ = {isa = PBXFileReference; lastKnownFileType = sourcecode.swift; path = Exercise.swift; sourceTree = "<group>"; };
		4FBF6114298605C000CDF7C0 /* ElementType.swift */ = {isa = PBXFileReference; lastKnownFileType = sourcecode.swift; path = ElementType.swift; sourceTree = "<group>"; };
		4FBF61252986FBCC00CDF7C0 /* SummaryHeaderView.swift */ = {isa = PBXFileReference; lastKnownFileType = sourcecode.swift; path = SummaryHeaderView.swift; sourceTree = "<group>"; };
		4FBF61272986FBE800CDF7C0 /* SummaryHeaderView.xib */ = {isa = PBXFileReference; lastKnownFileType = file.xib; path = SummaryHeaderView.xib; sourceTree = "<group>"; };
		4FBF612A2987002000CDF7C0 /* SummaryTableViewCell.swift */ = {isa = PBXFileReference; lastKnownFileType = sourcecode.swift; path = SummaryTableViewCell.swift; sourceTree = "<group>"; };
		4FBF612C2988726B00CDF7C0 /* Utils.swift */ = {isa = PBXFileReference; lastKnownFileType = sourcecode.swift; path = Utils.swift; sourceTree = "<group>"; };
		4FBF6134298CA85F00CDF7C0 /* OnBoardingViewController.swift */ = {isa = PBXFileReference; lastKnownFileType = sourcecode.swift; path = OnBoardingViewController.swift; sourceTree = "<group>"; };
		4FBF613B298CA9DA00CDF7C0 /* GenericPageViewController.swift */ = {isa = PBXFileReference; lastKnownFileType = sourcecode.swift; path = GenericPageViewController.swift; sourceTree = "<group>"; };
		4FBF613D2990ABCF00CDF7C0 /* WelcomeViewController.swift */ = {isa = PBXFileReference; lastKnownFileType = sourcecode.swift; path = WelcomeViewController.swift; sourceTree = "<group>"; };
		4FBF613F2990B11400CDF7C0 /* MainTabBarViewController.swift */ = {isa = PBXFileReference; lastKnownFileType = sourcecode.swift; path = MainTabBarViewController.swift; sourceTree = "<group>"; };
		4FBF61412991ED8600CDF7C0 /* SummaryViewController.swift */ = {isa = PBXFileReference; fileEncoding = 4; lastKnownFileType = sourcecode.swift; path = SummaryViewController.swift; sourceTree = "<group>"; };
		4FBF61442994844500CDF7C0 /* ButtonExtension.swift */ = {isa = PBXFileReference; lastKnownFileType = sourcecode.swift; path = ButtonExtension.swift; sourceTree = "<group>"; };
		4FBF61472994902400CDF7C0 /* WelcomePageviewItemViewController.swift */ = {isa = PBXFileReference; lastKnownFileType = sourcecode.swift; path = WelcomePageviewItemViewController.swift; sourceTree = "<group>"; };
		4FBF61492995D12000CDF7C0 /* LabelExtension.swift */ = {isa = PBXFileReference; lastKnownFileType = sourcecode.swift; path = LabelExtension.swift; sourceTree = "<group>"; };
		4FBF614F2995F6D000CDF7C0 /* PersonalInfoViewController.swift */ = {isa = PBXFileReference; lastKnownFileType = sourcecode.swift; path = PersonalInfoViewController.swift; sourceTree = "<group>"; };
		4FBF615329995CB700CDF7C0 /* StackViewExtension.swift */ = {isa = PBXFileReference; lastKnownFileType = sourcecode.swift; path = StackViewExtension.swift; sourceTree = "<group>"; };
		4FBF61552999691200CDF7C0 /* TextFieldExtension.swift */ = {isa = PBXFileReference; lastKnownFileType = sourcecode.swift; path = TextFieldExtension.swift; sourceTree = "<group>"; };
		4FF1D68429A30B2A00E6238A /* Enums.swift */ = {isa = PBXFileReference; lastKnownFileType = sourcecode.swift; path = Enums.swift; sourceTree = "<group>"; };
		4FF1D68629A30E7B00E6238A /* ElementCategory.swift */ = {isa = PBXFileReference; lastKnownFileType = sourcecode.swift; path = ElementCategory.swift; sourceTree = "<group>"; };
		4FF1D68829A31C3F00E6238A /* UserModel.swift */ = {isa = PBXFileReference; lastKnownFileType = sourcecode.swift; path = UserModel.swift; sourceTree = "<group>"; };
		4FF1D68A29A31C6100E6238A /* ExerciseModel.swift */ = {isa = PBXFileReference; lastKnownFileType = sourcecode.swift; path = ExerciseModel.swift; sourceTree = "<group>"; };
		4FF1D68D29A8637A00E6238A /* FirebaseService.swift */ = {isa = PBXFileReference; lastKnownFileType = sourcecode.swift; path = FirebaseService.swift; sourceTree = "<group>"; };
		4FF1D68F29A865B100E6238A /* ServiceEnums.swift */ = {isa = PBXFileReference; lastKnownFileType = sourcecode.swift; path = ServiceEnums.swift; sourceTree = "<group>"; };
		4FF1D69329A9C47500E6238A /* FirebaseEndpoint.swift */ = {isa = PBXFileReference; lastKnownFileType = sourcecode.swift; path = FirebaseEndpoint.swift; sourceTree = "<group>"; };
		4FF1D69529A9C83E00E6238A /* ExerciseLogicController.swift */ = {isa = PBXFileReference; lastKnownFileType = sourcecode.swift; path = ExerciseLogicController.swift; sourceTree = "<group>"; };
		4FF1D69729A9C8E500E6238A /* UserLogicController.swift */ = {isa = PBXFileReference; lastKnownFileType = sourcecode.swift; path = UserLogicController.swift; sourceTree = "<group>"; };
		4FF1D69929A9C98E00E6238A /* DataLoader.swift */ = {isa = PBXFileReference; lastKnownFileType = sourcecode.swift; path = DataLoader.swift; sourceTree = "<group>"; };
		4FF1D69B29AAD23E00E6238A /* SummaryLogicController.swift */ = {isa = PBXFileReference; lastKnownFileType = sourcecode.swift; path = SummaryLogicController.swift; sourceTree = "<group>"; };
		4FF1D69D29AAD52D00E6238A /* SummaryModel.swift */ = {isa = PBXFileReference; lastKnownFileType = sourcecode.swift; path = SummaryModel.swift; sourceTree = "<group>"; };
/* End PBXFileReference section */

/* Begin PBXFrameworksBuildPhase section */
		4FBF60AE297E3E0100CDF7C0 /* Frameworks */ = {
			isa = PBXFrameworksBuildPhase;
			buildActionMask = 2147483647;
			files = (
				4FBF60F3297F662200CDF7C0 /* FirebaseDatabaseSwift in Frameworks */,
				4FBF60ED297F662200CDF7C0 /* FirebaseAnalyticsSwift in Frameworks */,
				4FBF60EF297F662200CDF7C0 /* FirebaseAuth in Frameworks */,
				4FBF60F1297F662200CDF7C0 /* FirebaseDatabase in Frameworks */,
				4FBF60EB297F662200CDF7C0 /* FirebaseAnalytics in Frameworks */,
				4FBF60F5297F662200CDF7C0 /* FirebaseStorage in Frameworks */,
			);
			runOnlyForDeploymentPostprocessing = 0;
		};
		4FBF60C7297E3E0100CDF7C0 /* Frameworks */ = {
			isa = PBXFrameworksBuildPhase;
			buildActionMask = 2147483647;
			files = (
			);
			runOnlyForDeploymentPostprocessing = 0;
		};
		4FBF60D1297E3E0100CDF7C0 /* Frameworks */ = {
			isa = PBXFrameworksBuildPhase;
			buildActionMask = 2147483647;
			files = (
			);
			runOnlyForDeploymentPostprocessing = 0;
		};
/* End PBXFrameworksBuildPhase section */

/* Begin PBXGroup section */
		4FBF60A8297E3E0100CDF7C0 = {
			isa = PBXGroup;
			children = (
				4FBF60B3297E3E0100CDF7C0 /* element-club-14 */,
				4FBF60CD297E3E0100CDF7C0 /* element-club-14Tests */,
				4FBF60D7297E3E0100CDF7C0 /* element-club-14UITests */,
				4FBF60B2297E3E0100CDF7C0 /* Products */,
			);
			sourceTree = "<group>";
		};
		4FBF60B2297E3E0100CDF7C0 /* Products */ = {
			isa = PBXGroup;
			children = (
				4FBF60B1297E3E0100CDF7C0 /* element-club-14.app */,
				4FBF60CA297E3E0100CDF7C0 /* element-club-14Tests.xctest */,
				4FBF60D4297E3E0100CDF7C0 /* element-club-14UITests.xctest */,
			);
			name = Products;
			sourceTree = "<group>";
		};
		4FBF60B3297E3E0100CDF7C0 /* element-club-14 */ = {
			isa = PBXGroup;
			children = (
				4FF1D68C29A8633D00E6238A /* FirebaseService */,
				4FBF61432994842300CDF7C0 /* Extentions */,
				4FBF6138298CA8AC00CDF7C0 /* Welcome */,
				4FBF61292986FF5F00CDF7C0 /* UITableviewCells */,
				4FBF61242986FB7A00CDF7C0 /* Views */,
				4FBF610B2985A24B00CDF7C0 /* Database */,
				4FBF61082983757800CDF7C0 /* element-club-14.entitlements */,
				4FBF61002983648300CDF7C0 /* Utils */,
				4FBF60F7297F6C8600CDF7C0 /* Model */,
				4FBF60F6297F6C1F00CDF7C0 /* View Controllers */,
				4FBF60B4297E3E0100CDF7C0 /* AppDelegate.swift */,
				4FBF60B6297E3E0100CDF7C0 /* SceneDelegate.swift */,
				4FBF60B8297E3E0100CDF7C0 /* ViewController.swift */,
				4FBF60BA297E3E0100CDF7C0 /* Main.storyboard */,
				4FBF60C0297E3E0100CDF7C0 /* Assets.xcassets */,
				4FBF60C2297E3E0100CDF7C0 /* LaunchScreen.storyboard */,
				4FBF60C5297E3E0100CDF7C0 /* Info.plist */,
				4FBF60BD297E3E0100CDF7C0 /* element_club_14.xcdatamodeld */,
				4FBF60E7297F653F00CDF7C0 /* GoogleService-Info.plist */,
				4FF1D69529A9C83E00E6238A /* ExerciseLogicController.swift */,
			);
			path = "element-club-14";
			sourceTree = "<group>";
		};
		4FBF60CD297E3E0100CDF7C0 /* element-club-14Tests */ = {
			isa = PBXGroup;
			children = (
				4FBF60CE297E3E0100CDF7C0 /* element_club_14Tests.swift */,
			);
			path = "element-club-14Tests";
			sourceTree = "<group>";
		};
		4FBF60D7297E3E0100CDF7C0 /* element-club-14UITests */ = {
			isa = PBXGroup;
			children = (
				4FBF60D8297E3E0100CDF7C0 /* element_club_14UITests.swift */,
				4FBF60DA297E3E0100CDF7C0 /* element_club_14UITestsLaunchTests.swift */,
			);
			path = "element-club-14UITests";
			sourceTree = "<group>";
		};
		4FBF60F6297F6C1F00CDF7C0 /* View Controllers */ = {
			isa = PBXGroup;
			children = (
				4FBF613B298CA9DA00CDF7C0 /* GenericPageViewController.swift */,
				4FBF61412991ED8600CDF7C0 /* SummaryViewController.swift */,
				4FBF60FC297F71FE00CDF7C0 /* SummaryTableViewController.swift */,
				4FBF60FA297F715D00CDF7C0 /* ProfileViewController.swift */,
				4FBF613F2990B11400CDF7C0 /* MainTabBarViewController.swift */,
			);
			path = "View Controllers";
			sourceTree = "<group>";
		};
		4FBF60F7297F6C8600CDF7C0 /* Model */ = {
			isa = PBXGroup;
			children = (
				4FBF61122986055900CDF7C0 /* Exercise.swift */,
				4FBF6114298605C000CDF7C0 /* ElementType.swift */,
				4FF1D68429A30B2A00E6238A /* Enums.swift */,
				4FF1D68629A30E7B00E6238A /* ElementCategory.swift */,
				4FF1D68829A31C3F00E6238A /* UserModel.swift */,
				4FF1D68A29A31C6100E6238A /* ExerciseModel.swift */,
				4FF1D69D29AAD52D00E6238A /* SummaryModel.swift */,
			);
			path = Model;
			sourceTree = "<group>";
		};
		4FBF61002983648300CDF7C0 /* Utils */ = {
			isa = PBXGroup;
			children = (
				4FBF6101298364A500CDF7C0 /* CryptoHelpers.swift */,
				4FBF61102986051D00CDF7C0 /* ExercieUtils.swift */,
				4FBF612C2988726B00CDF7C0 /* Utils.swift */,
			);
			path = Utils;
			sourceTree = "<group>";
		};
		4FBF610B2985A24B00CDF7C0 /* Database */ = {
			isa = PBXGroup;
			children = (
				4FBF610C2985FF8700CDF7C0 /* UserDBHelper.swift */,
				4FBF610E2986048900CDF7C0 /* EntriesDbHelper.swift */,
			);
			path = Database;
			sourceTree = "<group>";
		};
		4FBF61242986FB7A00CDF7C0 /* Views */ = {
			isa = PBXGroup;
			children = (
				4FBF61252986FBCC00CDF7C0 /* SummaryHeaderView.swift */,
				4FBF61272986FBE800CDF7C0 /* SummaryHeaderView.xib */,
			);
			path = Views;
			sourceTree = "<group>";
		};
		4FBF61292986FF5F00CDF7C0 /* UITableviewCells */ = {
			isa = PBXGroup;
			children = (
				4FBF612A2987002000CDF7C0 /* SummaryTableViewCell.swift */,
			);
			path = UITableviewCells;
			sourceTree = "<group>";
		};
		4FBF6130298CA7EA00CDF7C0 /* Login */ = {
			isa = PBXGroup;
			children = (
				4FBF60FE2980DAE400CDF7C0 /* LoginViewController.swift */,
			);
			path = Login;
			sourceTree = "<group>";
		};
		4FBF6138298CA8AC00CDF7C0 /* Welcome */ = {
			isa = PBXGroup;
			children = (
				4FBF614C2995E6E300CDF7C0 /* Welcome Views */,
				4FBF614B2995E6C600CDF7C0 /* Onboarding */,
				4FBF6130298CA7EA00CDF7C0 /* Login */,
			);
			path = Welcome;
			sourceTree = "<group>";
		};
		4FBF61432994842300CDF7C0 /* Extentions */ = {
			isa = PBXGroup;
			children = (
				4FBF61442994844500CDF7C0 /* ButtonExtension.swift */,
				4FBF61492995D12000CDF7C0 /* LabelExtension.swift */,
				4FBF615329995CB700CDF7C0 /* StackViewExtension.swift */,
				4FBF61552999691200CDF7C0 /* TextFieldExtension.swift */,
			);
			path = Extentions;
			sourceTree = "<group>";
		};
		4FBF614B2995E6C600CDF7C0 /* Onboarding */ = {
			isa = PBXGroup;
			children = (
				4FBF6134298CA85F00CDF7C0 /* OnBoardingViewController.swift */,
				4FBF614F2995F6D000CDF7C0 /* PersonalInfoViewController.swift */,
			);
			path = Onboarding;
			sourceTree = "<group>";
		};
		4FBF614C2995E6E300CDF7C0 /* Welcome Views */ = {
			isa = PBXGroup;
			children = (
				4FBF613D2990ABCF00CDF7C0 /* WelcomeViewController.swift */,
				4FBF61472994902400CDF7C0 /* WelcomePageviewItemViewController.swift */,
			);
			path = "Welcome Views";
			sourceTree = "<group>";
		};
		4FF1D68C29A8633D00E6238A /* FirebaseService */ = {
			isa = PBXGroup;
			children = (
				4FF1D68D29A8637A00E6238A /* FirebaseService.swift */,
				4FF1D68F29A865B100E6238A /* ServiceEnums.swift */,
				4FF1D69329A9C47500E6238A /* FirebaseEndpoint.swift */,
				4FF1D69729A9C8E500E6238A /* UserLogicController.swift */,
				4FF1D69929A9C98E00E6238A /* DataLoader.swift */,
				4FF1D69B29AAD23E00E6238A /* SummaryLogicController.swift */,
			);
			path = FirebaseService;
			sourceTree = "<group>";
		};
/* End PBXGroup section */

/* Begin PBXNativeTarget section */
		4FBF60B0297E3E0100CDF7C0 /* element-club-14 */ = {
			isa = PBXNativeTarget;
			buildConfigurationList = 4FBF60DE297E3E0100CDF7C0 /* Build configuration list for PBXNativeTarget "element-club-14" */;
			buildPhases = (
				4FBF60AD297E3E0100CDF7C0 /* Sources */,
				4FBF60AE297E3E0100CDF7C0 /* Frameworks */,
				4FBF60AF297E3E0100CDF7C0 /* Resources */,
			);
			buildRules = (
			);
			dependencies = (
			);
			name = "element-club-14";
			packageProductDependencies = (
				4FBF60EA297F662200CDF7C0 /* FirebaseAnalytics */,
				4FBF60EC297F662200CDF7C0 /* FirebaseAnalyticsSwift */,
				4FBF60EE297F662200CDF7C0 /* FirebaseAuth */,
				4FBF60F0297F662200CDF7C0 /* FirebaseDatabase */,
				4FBF60F2297F662200CDF7C0 /* FirebaseDatabaseSwift */,
				4FBF60F4297F662200CDF7C0 /* FirebaseStorage */,
			);
			productName = "element-club-14";
			productReference = 4FBF60B1297E3E0100CDF7C0 /* element-club-14.app */;
			productType = "com.apple.product-type.application";
		};
		4FBF60C9297E3E0100CDF7C0 /* element-club-14Tests */ = {
			isa = PBXNativeTarget;
			buildConfigurationList = 4FBF60E1297E3E0100CDF7C0 /* Build configuration list for PBXNativeTarget "element-club-14Tests" */;
			buildPhases = (
				4FBF60C6297E3E0100CDF7C0 /* Sources */,
				4FBF60C7297E3E0100CDF7C0 /* Frameworks */,
				4FBF60C8297E3E0100CDF7C0 /* Resources */,
			);
			buildRules = (
			);
			dependencies = (
				4FBF60CC297E3E0100CDF7C0 /* PBXTargetDependency */,
			);
			name = "element-club-14Tests";
			productName = "element-club-14Tests";
			productReference = 4FBF60CA297E3E0100CDF7C0 /* element-club-14Tests.xctest */;
			productType = "com.apple.product-type.bundle.unit-test";
		};
		4FBF60D3297E3E0100CDF7C0 /* element-club-14UITests */ = {
			isa = PBXNativeTarget;
			buildConfigurationList = 4FBF60E4297E3E0100CDF7C0 /* Build configuration list for PBXNativeTarget "element-club-14UITests" */;
			buildPhases = (
				4FBF60D0297E3E0100CDF7C0 /* Sources */,
				4FBF60D1297E3E0100CDF7C0 /* Frameworks */,
				4FBF60D2297E3E0100CDF7C0 /* Resources */,
			);
			buildRules = (
			);
			dependencies = (
				4FBF60D6297E3E0100CDF7C0 /* PBXTargetDependency */,
			);
			name = "element-club-14UITests";
			productName = "element-club-14UITests";
			productReference = 4FBF60D4297E3E0100CDF7C0 /* element-club-14UITests.xctest */;
			productType = "com.apple.product-type.bundle.ui-testing";
		};
/* End PBXNativeTarget section */

/* Begin PBXProject section */
		4FBF60A9297E3E0100CDF7C0 /* Project object */ = {
			isa = PBXProject;
			attributes = {
				BuildIndependentTargetsInParallel = 1;
				LastSwiftUpdateCheck = 1420;
				LastUpgradeCheck = 1420;
				TargetAttributes = {
					4FBF60B0297E3E0100CDF7C0 = {
						CreatedOnToolsVersion = 14.2;
					};
					4FBF60C9297E3E0100CDF7C0 = {
						CreatedOnToolsVersion = 14.2;
						TestTargetID = 4FBF60B0297E3E0100CDF7C0;
					};
					4FBF60D3297E3E0100CDF7C0 = {
						CreatedOnToolsVersion = 14.2;
						TestTargetID = 4FBF60B0297E3E0100CDF7C0;
					};
				};
			};
			buildConfigurationList = 4FBF60AC297E3E0100CDF7C0 /* Build configuration list for PBXProject "element-club-14" */;
			compatibilityVersion = "Xcode 14.0";
			developmentRegion = en;
			hasScannedForEncodings = 0;
			knownRegions = (
				en,
				Base,
			);
			mainGroup = 4FBF60A8297E3E0100CDF7C0;
			packageReferences = (
				4FBF60E9297F662200CDF7C0 /* XCRemoteSwiftPackageReference "firebase-ios-sdk" */,
			);
			productRefGroup = 4FBF60B2297E3E0100CDF7C0 /* Products */;
			projectDirPath = "";
			projectRoot = "";
			targets = (
				4FBF60B0297E3E0100CDF7C0 /* element-club-14 */,
				4FBF60C9297E3E0100CDF7C0 /* element-club-14Tests */,
				4FBF60D3297E3E0100CDF7C0 /* element-club-14UITests */,
			);
		};
/* End PBXProject section */

/* Begin PBXResourcesBuildPhase section */
		4FBF60AF297E3E0100CDF7C0 /* Resources */ = {
			isa = PBXResourcesBuildPhase;
			buildActionMask = 2147483647;
			files = (
				4FBF60C4297E3E0100CDF7C0 /* LaunchScreen.storyboard in Resources */,
				4FBF60E8297F653F00CDF7C0 /* GoogleService-Info.plist in Resources */,
				4FBF61282986FBE800CDF7C0 /* SummaryHeaderView.xib in Resources */,
				4FBF60C1297E3E0100CDF7C0 /* Assets.xcassets in Resources */,
				4FBF60BC297E3E0100CDF7C0 /* Main.storyboard in Resources */,
			);
			runOnlyForDeploymentPostprocessing = 0;
		};
		4FBF60C8297E3E0100CDF7C0 /* Resources */ = {
			isa = PBXResourcesBuildPhase;
			buildActionMask = 2147483647;
			files = (
			);
			runOnlyForDeploymentPostprocessing = 0;
		};
		4FBF60D2297E3E0100CDF7C0 /* Resources */ = {
			isa = PBXResourcesBuildPhase;
			buildActionMask = 2147483647;
			files = (
			);
			runOnlyForDeploymentPostprocessing = 0;
		};
/* End PBXResourcesBuildPhase section */

/* Begin PBXSourcesBuildPhase section */
		4FBF60AD297E3E0100CDF7C0 /* Sources */ = {
			isa = PBXSourcesBuildPhase;
			buildActionMask = 2147483647;
			files = (
				4FBF60FF2980DAE400CDF7C0 /* LoginViewController.swift in Sources */,
				4FBF61482994902400CDF7C0 /* WelcomePageviewItemViewController.swift in Sources */,
				4FF1D69E29AAD52D00E6238A /* SummaryModel.swift in Sources */,
				4FF1D69629A9C83E00E6238A /* ExerciseLogicController.swift in Sources */,
				4FF1D68E29A8637A00E6238A /* FirebaseService.swift in Sources */,
				4FBF613C298CA9DA00CDF7C0 /* GenericPageViewController.swift in Sources */,
				4FBF61452994844500CDF7C0 /* ButtonExtension.swift in Sources */,
				4FBF60B9297E3E0100CDF7C0 /* ViewController.swift in Sources */,
				4FBF614A2995D12000CDF7C0 /* LabelExtension.swift in Sources */,
				4FBF61402990B11400CDF7C0 /* MainTabBarViewController.swift in Sources */,
				4FBF6102298364A500CDF7C0 /* CryptoHelpers.swift in Sources */,
				4FBF61502995F6D000CDF7C0 /* PersonalInfoViewController.swift in Sources */,
				4FBF61422991ED8600CDF7C0 /* SummaryViewController.swift in Sources */,
				4FF1D69C29AAD23E00E6238A /* SummaryLogicController.swift in Sources */,
				4FBF60B5297E3E0100CDF7C0 /* AppDelegate.swift in Sources */,
				4FBF6135298CA85F00CDF7C0 /* OnBoardingViewController.swift in Sources */,
				4FBF610F2986048900CDF7C0 /* EntriesDbHelper.swift in Sources */,
				4FF1D69429A9C47500E6238A /* FirebaseEndpoint.swift in Sources */,
				4FBF61132986055900CDF7C0 /* Exercise.swift in Sources */,
				4FBF61262986FBCC00CDF7C0 /* SummaryHeaderView.swift in Sources */,
				4FBF612D2988726B00CDF7C0 /* Utils.swift in Sources */,
				4FF1D68529A30B2A00E6238A /* Enums.swift in Sources */,
				4FF1D68B29A31C6100E6238A /* ExerciseModel.swift in Sources */,
				4FF1D69829A9C8E500E6238A /* UserLogicController.swift in Sources */,
				4FBF6115298605C000CDF7C0 /* ElementType.swift in Sources */,
				4FBF61562999691200CDF7C0 /* TextFieldExtension.swift in Sources */,
				4FBF61112986051D00CDF7C0 /* ExercieUtils.swift in Sources */,
				4FBF60FB297F715D00CDF7C0 /* ProfileViewController.swift in Sources */,
				4FBF60B7297E3E0100CDF7C0 /* SceneDelegate.swift in Sources */,
				4FBF615429995CB700CDF7C0 /* StackViewExtension.swift in Sources */,
				4FF1D69A29A9C98E00E6238A /* DataLoader.swift in Sources */,
				4FBF60BF297E3E0100CDF7C0 /* element_club_14.xcdatamodeld in Sources */,
				4FBF610D2985FF8700CDF7C0 /* UserDBHelper.swift in Sources */,
				4FBF612B2987002000CDF7C0 /* SummaryTableViewCell.swift in Sources */,
				4FF1D68729A30E7B00E6238A /* ElementCategory.swift in Sources */,
				4FBF613E2990ABCF00CDF7C0 /* WelcomeViewController.swift in Sources */,
				4FF1D68929A31C3F00E6238A /* UserModel.swift in Sources */,
				4FBF60FD297F71FE00CDF7C0 /* SummaryTableViewController.swift in Sources */,
				4FF1D69029A865B100E6238A /* ServiceEnums.swift in Sources */,
			);
			runOnlyForDeploymentPostprocessing = 0;
		};
		4FBF60C6297E3E0100CDF7C0 /* Sources */ = {
			isa = PBXSourcesBuildPhase;
			buildActionMask = 2147483647;
			files = (
				4FBF60CF297E3E0100CDF7C0 /* element_club_14Tests.swift in Sources */,
			);
			runOnlyForDeploymentPostprocessing = 0;
		};
		4FBF60D0297E3E0100CDF7C0 /* Sources */ = {
			isa = PBXSourcesBuildPhase;
			buildActionMask = 2147483647;
			files = (
				4FBF60DB297E3E0100CDF7C0 /* element_club_14UITestsLaunchTests.swift in Sources */,
				4FBF60D9297E3E0100CDF7C0 /* element_club_14UITests.swift in Sources */,
			);
			runOnlyForDeploymentPostprocessing = 0;
		};
/* End PBXSourcesBuildPhase section */

/* Begin PBXTargetDependency section */
		4FBF60CC297E3E0100CDF7C0 /* PBXTargetDependency */ = {
			isa = PBXTargetDependency;
			target = 4FBF60B0297E3E0100CDF7C0 /* element-club-14 */;
			targetProxy = 4FBF60CB297E3E0100CDF7C0 /* PBXContainerItemProxy */;
		};
		4FBF60D6297E3E0100CDF7C0 /* PBXTargetDependency */ = {
			isa = PBXTargetDependency;
			target = 4FBF60B0297E3E0100CDF7C0 /* element-club-14 */;
			targetProxy = 4FBF60D5297E3E0100CDF7C0 /* PBXContainerItemProxy */;
		};
/* End PBXTargetDependency section */

/* Begin PBXVariantGroup section */
		4FBF60BA297E3E0100CDF7C0 /* Main.storyboard */ = {
			isa = PBXVariantGroup;
			children = (
				4FBF60BB297E3E0100CDF7C0 /* Base */,
			);
			name = Main.storyboard;
			sourceTree = "<group>";
		};
		4FBF60C2297E3E0100CDF7C0 /* LaunchScreen.storyboard */ = {
			isa = PBXVariantGroup;
			children = (
				4FBF60C3297E3E0100CDF7C0 /* Base */,
			);
			name = LaunchScreen.storyboard;
			sourceTree = "<group>";
		};
/* End PBXVariantGroup section */

/* Begin XCBuildConfiguration section */
		4FBF60DC297E3E0100CDF7C0 /* Debug */ = {
			isa = XCBuildConfiguration;
			buildSettings = {
				ALWAYS_SEARCH_USER_PATHS = NO;
				CLANG_ANALYZER_NONNULL = YES;
				CLANG_ANALYZER_NUMBER_OBJECT_CONVERSION = YES_AGGRESSIVE;
				CLANG_CXX_LANGUAGE_STANDARD = "gnu++20";
				CLANG_ENABLE_MODULES = YES;
				CLANG_ENABLE_OBJC_ARC = YES;
				CLANG_ENABLE_OBJC_WEAK = YES;
				CLANG_WARN_BLOCK_CAPTURE_AUTORELEASING = YES;
				CLANG_WARN_BOOL_CONVERSION = YES;
				CLANG_WARN_COMMA = YES;
				CLANG_WARN_CONSTANT_CONVERSION = YES;
				CLANG_WARN_DEPRECATED_OBJC_IMPLEMENTATIONS = YES;
				CLANG_WARN_DIRECT_OBJC_ISA_USAGE = YES_ERROR;
				CLANG_WARN_DOCUMENTATION_COMMENTS = YES;
				CLANG_WARN_EMPTY_BODY = YES;
				CLANG_WARN_ENUM_CONVERSION = YES;
				CLANG_WARN_INFINITE_RECURSION = YES;
				CLANG_WARN_INT_CONVERSION = YES;
				CLANG_WARN_NON_LITERAL_NULL_CONVERSION = YES;
				CLANG_WARN_OBJC_IMPLICIT_RETAIN_SELF = YES;
				CLANG_WARN_OBJC_LITERAL_CONVERSION = YES;
				CLANG_WARN_OBJC_ROOT_CLASS = YES_ERROR;
				CLANG_WARN_QUOTED_INCLUDE_IN_FRAMEWORK_HEADER = YES;
				CLANG_WARN_RANGE_LOOP_ANALYSIS = YES;
				CLANG_WARN_STRICT_PROTOTYPES = YES;
				CLANG_WARN_SUSPICIOUS_MOVE = YES;
				CLANG_WARN_UNGUARDED_AVAILABILITY = YES_AGGRESSIVE;
				CLANG_WARN_UNREACHABLE_CODE = YES;
				CLANG_WARN__DUPLICATE_METHOD_MATCH = YES;
				COPY_PHASE_STRIP = NO;
				DEBUG_INFORMATION_FORMAT = dwarf;
				ENABLE_STRICT_OBJC_MSGSEND = YES;
				ENABLE_TESTABILITY = YES;
				GCC_C_LANGUAGE_STANDARD = gnu11;
				GCC_DYNAMIC_NO_PIC = NO;
				GCC_NO_COMMON_BLOCKS = YES;
				GCC_OPTIMIZATION_LEVEL = 0;
				GCC_PREPROCESSOR_DEFINITIONS = (
					"DEBUG=1",
					"$(inherited)",
				);
				GCC_WARN_64_TO_32_BIT_CONVERSION = YES;
				GCC_WARN_ABOUT_RETURN_TYPE = YES_ERROR;
				GCC_WARN_UNDECLARED_SELECTOR = YES;
				GCC_WARN_UNINITIALIZED_AUTOS = YES_AGGRESSIVE;
				GCC_WARN_UNUSED_FUNCTION = YES;
				GCC_WARN_UNUSED_VARIABLE = YES;
				IPHONEOS_DEPLOYMENT_TARGET = 16.2;
				MTL_ENABLE_DEBUG_INFO = INCLUDE_SOURCE;
				MTL_FAST_MATH = YES;
				ONLY_ACTIVE_ARCH = YES;
				SDKROOT = iphoneos;
				SWIFT_ACTIVE_COMPILATION_CONDITIONS = DEBUG;
				SWIFT_OPTIMIZATION_LEVEL = "-Onone";
			};
			name = Debug;
		};
		4FBF60DD297E3E0100CDF7C0 /* Release */ = {
			isa = XCBuildConfiguration;
			buildSettings = {
				ALWAYS_SEARCH_USER_PATHS = NO;
				CLANG_ANALYZER_NONNULL = YES;
				CLANG_ANALYZER_NUMBER_OBJECT_CONVERSION = YES_AGGRESSIVE;
				CLANG_CXX_LANGUAGE_STANDARD = "gnu++20";
				CLANG_ENABLE_MODULES = YES;
				CLANG_ENABLE_OBJC_ARC = YES;
				CLANG_ENABLE_OBJC_WEAK = YES;
				CLANG_WARN_BLOCK_CAPTURE_AUTORELEASING = YES;
				CLANG_WARN_BOOL_CONVERSION = YES;
				CLANG_WARN_COMMA = YES;
				CLANG_WARN_CONSTANT_CONVERSION = YES;
				CLANG_WARN_DEPRECATED_OBJC_IMPLEMENTATIONS = YES;
				CLANG_WARN_DIRECT_OBJC_ISA_USAGE = YES_ERROR;
				CLANG_WARN_DOCUMENTATION_COMMENTS = YES;
				CLANG_WARN_EMPTY_BODY = YES;
				CLANG_WARN_ENUM_CONVERSION = YES;
				CLANG_WARN_INFINITE_RECURSION = YES;
				CLANG_WARN_INT_CONVERSION = YES;
				CLANG_WARN_NON_LITERAL_NULL_CONVERSION = YES;
				CLANG_WARN_OBJC_IMPLICIT_RETAIN_SELF = YES;
				CLANG_WARN_OBJC_LITERAL_CONVERSION = YES;
				CLANG_WARN_OBJC_ROOT_CLASS = YES_ERROR;
				CLANG_WARN_QUOTED_INCLUDE_IN_FRAMEWORK_HEADER = YES;
				CLANG_WARN_RANGE_LOOP_ANALYSIS = YES;
				CLANG_WARN_STRICT_PROTOTYPES = YES;
				CLANG_WARN_SUSPICIOUS_MOVE = YES;
				CLANG_WARN_UNGUARDED_AVAILABILITY = YES_AGGRESSIVE;
				CLANG_WARN_UNREACHABLE_CODE = YES;
				CLANG_WARN__DUPLICATE_METHOD_MATCH = YES;
				COPY_PHASE_STRIP = NO;
				DEBUG_INFORMATION_FORMAT = "dwarf-with-dsym";
				ENABLE_NS_ASSERTIONS = NO;
				ENABLE_STRICT_OBJC_MSGSEND = YES;
				GCC_C_LANGUAGE_STANDARD = gnu11;
				GCC_NO_COMMON_BLOCKS = YES;
				GCC_WARN_64_TO_32_BIT_CONVERSION = YES;
				GCC_WARN_ABOUT_RETURN_TYPE = YES_ERROR;
				GCC_WARN_UNDECLARED_SELECTOR = YES;
				GCC_WARN_UNINITIALIZED_AUTOS = YES_AGGRESSIVE;
				GCC_WARN_UNUSED_FUNCTION = YES;
				GCC_WARN_UNUSED_VARIABLE = YES;
				IPHONEOS_DEPLOYMENT_TARGET = 16.2;
				MTL_ENABLE_DEBUG_INFO = NO;
				MTL_FAST_MATH = YES;
				SDKROOT = iphoneos;
				SWIFT_COMPILATION_MODE = wholemodule;
				SWIFT_OPTIMIZATION_LEVEL = "-O";
				VALIDATE_PRODUCT = YES;
			};
			name = Release;
		};
		4FBF60DF297E3E0100CDF7C0 /* Debug */ = {
			isa = XCBuildConfiguration;
			buildSettings = {
				ASSETCATALOG_COMPILER_APPICON_NAME = AppIcon;
				ASSETCATALOG_COMPILER_GLOBAL_ACCENT_COLOR_NAME = AccentColor;
				CODE_SIGN_ENTITLEMENTS = "element-club-14/element-club-14.entitlements";
				CODE_SIGN_STYLE = Automatic;
				CURRENT_PROJECT_VERSION = 1;
				DEVELOPMENT_TEAM = PHFDP4SB5Y;
				GENERATE_INFOPLIST_FILE = YES;
				INFOPLIST_FILE = "element-club-14/Info.plist";
				INFOPLIST_KEY_UIApplicationSupportsIndirectInputEvents = YES;
				INFOPLIST_KEY_UILaunchStoryboardName = LaunchScreen;
				INFOPLIST_KEY_UIMainStoryboardFile = Main;
				INFOPLIST_KEY_UISupportedInterfaceOrientations = UIInterfaceOrientationPortrait;
				INFOPLIST_KEY_UISupportedInterfaceOrientations_iPad = "UIInterfaceOrientationLandscapeLeft UIInterfaceOrientationLandscapeRight UIInterfaceOrientationPortrait UIInterfaceOrientationPortraitUpsideDown";
				LD_RUNPATH_SEARCH_PATHS = (
					"$(inherited)",
					"@executable_path/Frameworks",
				);
				MARKETING_VERSION = 1.0;
				PRODUCT_BUNDLE_IDENTIFIER = "com.bytecode.labs.element-club-14";
				PRODUCT_NAME = "$(TARGET_NAME)";
				SWIFT_EMIT_LOC_STRINGS = YES;
				SWIFT_VERSION = 5.0;
				TARGETED_DEVICE_FAMILY = "1,2";
			};
			name = Debug;
		};
		4FBF60E0297E3E0100CDF7C0 /* Release */ = {
			isa = XCBuildConfiguration;
			buildSettings = {
				ASSETCATALOG_COMPILER_APPICON_NAME = AppIcon;
				ASSETCATALOG_COMPILER_GLOBAL_ACCENT_COLOR_NAME = AccentColor;
				CODE_SIGN_ENTITLEMENTS = "element-club-14/element-club-14.entitlements";
				CODE_SIGN_STYLE = Automatic;
				CURRENT_PROJECT_VERSION = 1;
				DEVELOPMENT_TEAM = PHFDP4SB5Y;
				GENERATE_INFOPLIST_FILE = YES;
				INFOPLIST_FILE = "element-club-14/Info.plist";
				INFOPLIST_KEY_UIApplicationSupportsIndirectInputEvents = YES;
				INFOPLIST_KEY_UILaunchStoryboardName = LaunchScreen;
				INFOPLIST_KEY_UIMainStoryboardFile = Main;
				INFOPLIST_KEY_UISupportedInterfaceOrientations = UIInterfaceOrientationPortrait;
				INFOPLIST_KEY_UISupportedInterfaceOrientations_iPad = "UIInterfaceOrientationLandscapeLeft UIInterfaceOrientationLandscapeRight UIInterfaceOrientationPortrait UIInterfaceOrientationPortraitUpsideDown";
				LD_RUNPATH_SEARCH_PATHS = (
					"$(inherited)",
					"@executable_path/Frameworks",
				);
				MARKETING_VERSION = 1.0;
				PRODUCT_BUNDLE_IDENTIFIER = "com.bytecode.labs.element-club-14";
				PRODUCT_NAME = "$(TARGET_NAME)";
				SWIFT_EMIT_LOC_STRINGS = YES;
				SWIFT_VERSION = 5.0;
				TARGETED_DEVICE_FAMILY = "1,2";
			};
			name = Release;
		};
		4FBF60E2297E3E0100CDF7C0 /* Debug */ = {
			isa = XCBuildConfiguration;
			buildSettings = {
				ALWAYS_EMBED_SWIFT_STANDARD_LIBRARIES = YES;
				BUNDLE_LOADER = "$(TEST_HOST)";
				CODE_SIGN_STYLE = Automatic;
				CURRENT_PROJECT_VERSION = 1;
				GENERATE_INFOPLIST_FILE = YES;
				IPHONEOS_DEPLOYMENT_TARGET = 16.2;
				MARKETING_VERSION = 1.0;
				PRODUCT_BUNDLE_IDENTIFIER = "com.bytecode.labs.element-club-14Tests";
				PRODUCT_NAME = "$(TARGET_NAME)";
				SWIFT_EMIT_LOC_STRINGS = NO;
				SWIFT_VERSION = 5.0;
				TARGETED_DEVICE_FAMILY = "1,2";
				TEST_HOST = "$(BUILT_PRODUCTS_DIR)/element-club-14.app/$(BUNDLE_EXECUTABLE_FOLDER_PATH)/element-club-14";
			};
			name = Debug;
		};
		4FBF60E3297E3E0100CDF7C0 /* Release */ = {
			isa = XCBuildConfiguration;
			buildSettings = {
				ALWAYS_EMBED_SWIFT_STANDARD_LIBRARIES = YES;
				BUNDLE_LOADER = "$(TEST_HOST)";
				CODE_SIGN_STYLE = Automatic;
				CURRENT_PROJECT_VERSION = 1;
				GENERATE_INFOPLIST_FILE = YES;
				IPHONEOS_DEPLOYMENT_TARGET = 16.2;
				MARKETING_VERSION = 1.0;
				PRODUCT_BUNDLE_IDENTIFIER = "com.bytecode.labs.element-club-14Tests";
				PRODUCT_NAME = "$(TARGET_NAME)";
				SWIFT_EMIT_LOC_STRINGS = NO;
				SWIFT_VERSION = 5.0;
				TARGETED_DEVICE_FAMILY = "1,2";
				TEST_HOST = "$(BUILT_PRODUCTS_DIR)/element-club-14.app/$(BUNDLE_EXECUTABLE_FOLDER_PATH)/element-club-14";
			};
			name = Release;
		};
		4FBF60E5297E3E0100CDF7C0 /* Debug */ = {
			isa = XCBuildConfiguration;
			buildSettings = {
				ALWAYS_EMBED_SWIFT_STANDARD_LIBRARIES = YES;
				CODE_SIGN_STYLE = Automatic;
				CURRENT_PROJECT_VERSION = 1;
				GENERATE_INFOPLIST_FILE = YES;
				MARKETING_VERSION = 1.0;
				PRODUCT_BUNDLE_IDENTIFIER = "com.bytecode.labs.element-club-14UITests";
				PRODUCT_NAME = "$(TARGET_NAME)";
				SWIFT_EMIT_LOC_STRINGS = NO;
				SWIFT_VERSION = 5.0;
				TARGETED_DEVICE_FAMILY = "1,2";
				TEST_TARGET_NAME = "element-club-14";
			};
			name = Debug;
		};
		4FBF60E6297E3E0100CDF7C0 /* Release */ = {
			isa = XCBuildConfiguration;
			buildSettings = {
				ALWAYS_EMBED_SWIFT_STANDARD_LIBRARIES = YES;
				CODE_SIGN_STYLE = Automatic;
				CURRENT_PROJECT_VERSION = 1;
				GENERATE_INFOPLIST_FILE = YES;
				MARKETING_VERSION = 1.0;
				PRODUCT_BUNDLE_IDENTIFIER = "com.bytecode.labs.element-club-14UITests";
				PRODUCT_NAME = "$(TARGET_NAME)";
				SWIFT_EMIT_LOC_STRINGS = NO;
				SWIFT_VERSION = 5.0;
				TARGETED_DEVICE_FAMILY = "1,2";
				TEST_TARGET_NAME = "element-club-14";
			};
			name = Release;
		};
/* End XCBuildConfiguration section */

/* Begin XCConfigurationList section */
		4FBF60AC297E3E0100CDF7C0 /* Build configuration list for PBXProject "element-club-14" */ = {
			isa = XCConfigurationList;
			buildConfigurations = (
				4FBF60DC297E3E0100CDF7C0 /* Debug */,
				4FBF60DD297E3E0100CDF7C0 /* Release */,
			);
			defaultConfigurationIsVisible = 0;
			defaultConfigurationName = Release;
		};
		4FBF60DE297E3E0100CDF7C0 /* Build configuration list for PBXNativeTarget "element-club-14" */ = {
			isa = XCConfigurationList;
			buildConfigurations = (
				4FBF60DF297E3E0100CDF7C0 /* Debug */,
				4FBF60E0297E3E0100CDF7C0 /* Release */,
			);
			defaultConfigurationIsVisible = 0;
			defaultConfigurationName = Release;
		};
		4FBF60E1297E3E0100CDF7C0 /* Build configuration list for PBXNativeTarget "element-club-14Tests" */ = {
			isa = XCConfigurationList;
			buildConfigurations = (
				4FBF60E2297E3E0100CDF7C0 /* Debug */,
				4FBF60E3297E3E0100CDF7C0 /* Release */,
			);
			defaultConfigurationIsVisible = 0;
			defaultConfigurationName = Release;
		};
		4FBF60E4297E3E0100CDF7C0 /* Build configuration list for PBXNativeTarget "element-club-14UITests" */ = {
			isa = XCConfigurationList;
			buildConfigurations = (
				4FBF60E5297E3E0100CDF7C0 /* Debug */,
				4FBF60E6297E3E0100CDF7C0 /* Release */,
			);
			defaultConfigurationIsVisible = 0;
			defaultConfigurationName = Release;
		};
/* End XCConfigurationList section */

/* Begin XCRemoteSwiftPackageReference section */
		4FBF60E9297F662200CDF7C0 /* XCRemoteSwiftPackageReference "firebase-ios-sdk" */ = {
			isa = XCRemoteSwiftPackageReference;
			repositoryURL = "https://github.com/firebase/firebase-ios-sdk";
			requirement = {
				kind = upToNextMajorVersion;
				minimumVersion = 9.0.0;
			};
		};
/* End XCRemoteSwiftPackageReference section */

/* Begin XCSwiftPackageProductDependency section */
		4FBF60EA297F662200CDF7C0 /* FirebaseAnalytics */ = {
			isa = XCSwiftPackageProductDependency;
			package = 4FBF60E9297F662200CDF7C0 /* XCRemoteSwiftPackageReference "firebase-ios-sdk" */;
			productName = FirebaseAnalytics;
		};
		4FBF60EC297F662200CDF7C0 /* FirebaseAnalyticsSwift */ = {
			isa = XCSwiftPackageProductDependency;
			package = 4FBF60E9297F662200CDF7C0 /* XCRemoteSwiftPackageReference "firebase-ios-sdk" */;
			productName = FirebaseAnalyticsSwift;
		};
		4FBF60EE297F662200CDF7C0 /* FirebaseAuth */ = {
			isa = XCSwiftPackageProductDependency;
			package = 4FBF60E9297F662200CDF7C0 /* XCRemoteSwiftPackageReference "firebase-ios-sdk" */;
			productName = FirebaseAuth;
		};
		4FBF60F0297F662200CDF7C0 /* FirebaseDatabase */ = {
			isa = XCSwiftPackageProductDependency;
			package = 4FBF60E9297F662200CDF7C0 /* XCRemoteSwiftPackageReference "firebase-ios-sdk" */;
			productName = FirebaseDatabase;
		};
		4FBF60F2297F662200CDF7C0 /* FirebaseDatabaseSwift */ = {
			isa = XCSwiftPackageProductDependency;
			package = 4FBF60E9297F662200CDF7C0 /* XCRemoteSwiftPackageReference "firebase-ios-sdk" */;
			productName = FirebaseDatabaseSwift;
		};
		4FBF60F4297F662200CDF7C0 /* FirebaseStorage */ = {
			isa = XCSwiftPackageProductDependency;
			package = 4FBF60E9297F662200CDF7C0 /* XCRemoteSwiftPackageReference "firebase-ios-sdk" */;
			productName = FirebaseStorage;
		};
/* End XCSwiftPackageProductDependency section */

/* Begin XCVersionGroup section */
		4FBF60BD297E3E0100CDF7C0 /* element_club_14.xcdatamodeld */ = {
			isa = XCVersionGroup;
			children = (
				4FBF60BE297E3E0100CDF7C0 /* element_club_14.xcdatamodel */,
			);
			currentVersion = 4FBF60BE297E3E0100CDF7C0 /* element_club_14.xcdatamodel */;
			path = element_club_14.xcdatamodeld;
			sourceTree = "<group>";
			versionGroupType = wrapper.xcdatamodel;
		};
/* End XCVersionGroup section */
	};
	rootObject = 4FBF60A9297E3E0100CDF7C0 /* Project object */;
}
